
Microsoft Visual Studio Solution File, Format Version 12.00
# Visual Studio Version 17
VisualStudioVersion = 17.6.33829.357
MinimumVisualStudioVersion = 10.0.40219.1
Project("{FAE04EC0-301F-11D3-BF4B-00C04F79EFBC}") = "ControleDeEsportes", "ControleDeEsportes\ControleDeEsportes.csproj", "{171945E1-C45A-44CD-882D-161C3730B806}"
EndProject
Project("{2150E333-8FDC-42A3-9474-1A3956D46DE8}") = "Solution Items", "Solution Items", "{C8568351-7AA3-4C50-9674-1720E7C25F73}"
	ProjectSection(SolutionItems) = preProject
		.editorconfig = .editorconfig
	EndProjectSection
EndProject
Global
	GlobalSection(SolutionConfigurationPlatforms) = preSolution
		Debug|Any CPU = Debug|Any CPU
		Release|Any CPU = Release|Any CPU
	EndGlobalSection
	GlobalSection(ProjectConfigurationPlatforms) = postSolution
		{171945E1-C45A-44CD-882D-161C3730B806}.Debug|Any CPU.ActiveCfg = Debug|Any CPU
		{171945E1-C45A-44CD-882D-161C3730B806}.Debug|Any CPU.Build.0 = Debug|Any CPU
		{171945E1-C45A-44CD-882D-161C3730B806}.Release|Any CPU.ActiveCfg = Release|Any CPU
		{171945E1-C45A-44CD-882D-161C3730B806}.Release|Any CPU.Build.0 = Release|Any CPU
	EndGlobalSection
	GlobalSection(SolutionProperties) = preSolution
		HideSolutionNode = FALSE
	EndGlobalSection
	GlobalSection(ExtensibilityGlobals) = postSolution
		SolutionGuid = {F3FEE0CB-691D-44C8-9698-34B27ABBD742}
	EndGlobalSection
EndGlobal
